{
  "name": "projects",
  "lockfileVersion": 3,
  "requires": true,
  "packages": {
    "": {
      "dependencies": {
        "react-native-input-mask": "^1.0.0"
      }
    },
    "node_modules/react-native-input-mask": {
      "version": "1.0.0",
      "resolved": "https://registry.npmjs.org/react-native-input-mask/-/react-native-input-mask-1.0.0.tgz",
      "integrity": "sha512-YSGva0xndz6kqUTfDHLWsJYSolyFfnx8SL9PiSprQ0awvPlUmePSPm/2p3LljqZ5Bow2claCApWh5pVkKjMafA=="
    }
  }
}
